
Microsoft Visual Studio Solution File, Format Version 12.00
# Visual Studio 14
VisualStudioVersion = 14.0.25123.0
MinimumVisualStudioVersion = 10.0.40219.1
Project("{FAE04EC0-301F-11D3-BF4B-00C04F79EFBC}") = "cs-vsto-powerpoint-writer", "cs-vsto-powerpoint-writer\cs-vsto-powerpoint-writer.csproj", "{05414DDB-15F3-4C77-9DE3-9B4B776B6084}"
EndProject
Project("{FAE04EC0-301F-11D3-BF4B-00C04F79EFBC}") = "cs-vsto-powerpoint-writer-unit-test", "cs-vsto-powerpoint-writer-unit-test\cs-vsto-powerpoint-writer-unit-test.csproj", "{93CAF099-E11F-4B5B-8654-74BFF6FB4F66}"
EndProject
Global
	GlobalSection(SolutionConfigurationPlatforms) = preSolution
		Debug|Any CPU = Debug|Any CPU
		Release|Any CPU = Release|Any CPU
	EndGlobalSection
	GlobalSection(ProjectConfigurationPlatforms) = postSolution
		{05414DDB-15F3-4C77-9DE3-9B4B776B6084}.Debug|Any CPU.ActiveCfg = Debug|Any CPU
		{05414DDB-15F3-4C77-9DE3-9B4B776B6084}.Debug|Any CPU.Build.0 = Debug|Any CPU
		{05414DDB-15F3-4C77-9DE3-9B4B776B6084}.Release|Any CPU.ActiveCfg = Release|Any CPU
		{05414DDB-15F3-4C77-9DE3-9B4B776B6084}.Release|Any CPU.Build.0 = Release|Any CPU
		{93CAF099-E11F-4B5B-8654-74BFF6FB4F66}.Debug|Any CPU.ActiveCfg = Debug|Any CPU
		{93CAF099-E11F-4B5B-8654-74BFF6FB4F66}.Debug|Any CPU.Build.0 = Debug|Any CPU
		{93CAF099-E11F-4B5B-8654-74BFF6FB4F66}.Release|Any CPU.ActiveCfg = Release|Any CPU
		{93CAF099-E11F-4B5B-8654-74BFF6FB4F66}.Release|Any CPU.Build.0 = Release|Any CPU
	EndGlobalSection
	GlobalSection(SolutionProperties) = preSolution
		HideSolutionNode = FALSE
	EndGlobalSection
EndGlobal
